{
  "name": "empathetic_chatbot_survey",
  "version": "1.0.0",
  "lockfileVersion": 1,
  "requires": true,
  "dependencies": {
    "jquery": {
      "version": "3.5.1",
      "resolved": "https://registry.npmjs.org/jquery/-/jquery-3.5.1.tgz",
      "integrity": "sha512-XwIBPqcMn57FxfT+Go5pzySnm4KWkT1Tv7gjrpT1srtf8Weynl6R273VJ5GjkRb51IzMp5nbaPjJXMWeju2MKg=="
    },
    "jquery-bar-rating": {
      "version": "1.2.2",
      "resolved": "https://registry.npmjs.org/jquery-bar-rating/-/jquery-bar-rating-1.2.2.tgz",
      "integrity": "sha1-lZTWYs/53rD+ezclEbskkqQ285I=",
      "dev": true,
      "requires": {
        "jquery": ">=1.7.2"
      }
    },
    "jquery-csv": {
      "version": "git+https://github.com/typeiii/jquery-csv.git#e6de8fd4ec8b15f3141c0530a1e95c13fabcd00d",
      "from": "git+https://github.com/typeiii/jquery-csv.git"
    },
    "survey-jquery": {
      "version": "1.8.26",
      "resolved": "https://registry.npmjs.org/survey-jquery/-/survey-jquery-1.8.26.tgz",
      "integrity": "sha512-FXHNdrbgg1qA3iO0z9NkwmVeUVwxC3zGRpGVXsE84WSp2yRN1gWGHFiKtw+Gwem+kOlbFhbKw4WnWr76KjeckA==",
      "requires": {
        "jquery": ">=1.12.4"
      }
    }
  }
}
